// !$*UTF8*$!
{
	archiveVersion = 1;
	classes = {
	};
	objectVersion = 46;
	objects = {

/* Begin PBXBuildFile section */
		A662528C1DCBA6FA0066DDDD /* Logo.png in Resources */ = {isa = PBXBuildFile; fileRef = A662528B1DCBA6FA0066DDDD /* Logo.png */; };
		A662528E1DCBA82A0066DDDD /* MangaViewController.swift in Sources */ = {isa = PBXBuildFile; fileRef = A662528D1DCBA82A0066DDDD /* MangaViewController.swift */; };
		A6EC9FA21DCB9DE9005C8048 /* AppDelegate.swift in Sources */ = {isa = PBXBuildFile; fileRef = A6EC9FA11DCB9DE9005C8048 /* AppDelegate.swift */; };
		A6EC9FA41DCB9DE9005C8048 /* ViewController.swift in Sources */ = {isa = PBXBuildFile; fileRef = A6EC9FA31DCB9DE9005C8048 /* ViewController.swift */; };
		A6EC9FA71DCB9DE9005C8048 /* Main.storyboard in Resources */ = {isa = PBXBuildFile; fileRef = A6EC9FA51DCB9DE9005C8048 /* Main.storyboard */; };
		A6EC9FAA1DCB9DE9005C8048 /* Manga_Collector.xcdatamodeld in Sources */ = {isa = PBXBuildFile; fileRef = A6EC9FA81DCB9DE9005C8048 /* Manga_Collector.xcdatamodeld */; };
		A6EC9FAC1DCB9DE9005C8048 /* Assets.xcassets in Resources */ = {isa = PBXBuildFile; fileRef = A6EC9FAB1DCB9DE9005C8048 /* Assets.xcassets */; };
		A6EC9FAF1DCB9DE9005C8048 /* LaunchScreen.storyboard in Resources */ = {isa = PBXBuildFile; fileRef = A6EC9FAD1DCB9DE9005C8048 /* LaunchScreen.storyboard */; };
/* End PBXBuildFile section */

/* Begin PBXFileReference section */
		A662528B1DCBA6FA0066DDDD /* Logo.png */ = {isa = PBXFileReference; lastKnownFileType = image.png; path = Logo.png; sourceTree = "<group>"; };
		A662528D1DCBA82A0066DDDD /* MangaViewController.swift */ = {isa = PBXFileReference; fileEncoding = 4; lastKnownFileType = sourcecode.swift; path = MangaViewController.swift; sourceTree = "<group>"; };
		A6EC9F9E1DCB9DE9005C8048 /* Manga Collector.app */ = {isa = PBXFileReference; explicitFileType = wrapper.application; includeInIndex = 0; path = "Manga Collector.app"; sourceTree = BUILT_PRODUCTS_DIR; };
		A6EC9FA11DCB9DE9005C8048 /* AppDelegate.swift */ = {isa = PBXFileReference; lastKnownFileType = sourcecode.swift; path = AppDelegate.swift; sourceTree = "<group>"; };
		A6EC9FA31DCB9DE9005C8048 /* ViewController.swift */ = {isa = PBXFileReference; lastKnownFileType = sourcecode.swift; path = ViewController.swift; sourceTree = "<group>"; };
		A6EC9FA61DCB9DE9005C8048 /* Base */ = {isa = PBXFileReference; lastKnownFileType = file.storyboard; name = Base; path = Base.lproj/Main.storyboard; sourceTree = "<group>"; };
		A6EC9FA91DCB9DE9005C8048 /* Manga_Collector.xcdatamodel */ = {isa = PBXFileReference; lastKnownFileType = wrapper.xcdatamodel; path = Manga_Collector.xcdatamodel; sourceTree = "<group>"; };
		A6EC9FAB1DCB9DE9005C8048 /* Assets.xcassets */ = {isa = PBXFileReference; lastKnownFileType = folder.assetcatalog; path = Assets.xcassets; sourceTree = "<group>"; };
		A6EC9FAE1DCB9DE9005C8048 /* Base */ = {isa = PBXFileReference; lastKnownFileType = file.storyboard; name = Base; path = Base.lproj/LaunchScreen.storyboard; sourceTree = "<group>"; };
		A6EC9FB01DCB9DE9005C8048 /* Info.plist */ = {isa = PBXFileReference; lastKnownFileType = text.plist.xml; path = Info.plist; sourceTree = "<group>"; };
/* End PBXFileReference section */

/* Begin PBXFrameworksBuildPhase section */
		A6EC9F9B1DCB9DE8005C8048 /* Frameworks */ = {
			isa = PBXFrameworksBuildPhase;
			buildActionMask = 2147483647;
			files = (
			);
			runOnlyForDeploymentPostprocessing = 0;
		};
/* End PBXFrameworksBuildPhase section */

/* Begin PBXGroup section */
		A6EC9F951DCB9DE8005C8048 = {
			isa = PBXGroup;
			children = (
				A6EC9FA01DCB9DE9005C8048 /* Manga Collector */,
				A6EC9F9F1DCB9DE9005C8048 /* Products */,
			);
			sourceTree = "<group>";
		};
		A6EC9F9F1DCB9DE9005C8048 /* Products */ = {
			isa = PBXGroup;
			children = (
				A6EC9F9E1DCB9DE9005C8048 /* Manga Collector.app */,
			);
			name = Products;
			sourceTree = "<group>";
		};
		A6EC9FA01DCB9DE9005C8048 /* Manga Collector */ = {
			isa = PBXGroup;
			children = (
				A662528B1DCBA6FA0066DDDD /* Logo.png */,
				A6EC9FA11DCB9DE9005C8048 /* AppDelegate.swift */,
				A6EC9FA31DCB9DE9005C8048 /* ViewController.swift */,
				A662528D1DCBA82A0066DDDD /* MangaViewController.swift */,
				A6EC9FA51DCB9DE9005C8048 /* Main.storyboard */,
				A6EC9FAB1DCB9DE9005C8048 /* Assets.xcassets */,
				A6EC9FAD1DCB9DE9005C8048 /* LaunchScreen.storyboard */,
				A6EC9FB01DCB9DE9005C8048 /* Info.plist */,
				A6EC9FA81DCB9DE9005C8048 /* Manga_Collector.xcdatamodeld */,
			);
			path = "Manga Collector";
			sourceTree = "<group>";
		};
/* End PBXGroup section */

/* Begin PBXNativeTarget section */
		A6EC9F9D1DCB9DE8005C8048 /* Manga Collector */ = {
			isa = PBXNativeTarget;
			buildConfigurationList = A6EC9FB31DCB9DE9005C8048 /* Build configuration list for PBXNativeTarget "Manga Collector" */;
			buildPhases = (
				A6EC9F9A1DCB9DE8005C8048 /* Sources */,
				A6EC9F9B1DCB9DE8005C8048 /* Frameworks */,
				A6EC9F9C1DCB9DE8005C8048 /* Resources */,
			);
			buildRules = (
			);
			dependencies = (
			);
			name = "Manga Collector";
			productName = "Manga Collector";
			productReference = A6EC9F9E1DCB9DE9005C8048 /* Manga Collector.app */;
			productType = "com.apple.product-type.application";
		};
/* End PBXNativeTarget section */

/* Begin PBXProject section */
		A6EC9F961DCB9DE8005C8048 /* Project object */ = {
			isa = PBXProject;
			attributes = {
				LastSwiftUpdateCheck = 0800;
				LastUpgradeCheck = 0800;
				ORGANIZATIONNAME = "Thomas Bentkowski";
				TargetAttributes = {
					A6EC9F9D1DCB9DE8005C8048 = {
						CreatedOnToolsVersion = 8.0;
						DevelopmentTeam = F4RH2C5RMR;
						ProvisioningStyle = Automatic;
					};
				};
			};
			buildConfigurationList = A6EC9F991DCB9DE8005C8048 /* Build configuration list for PBXProject "Manga Collector" */;
			compatibilityVersion = "Xcode 3.2";
			developmentRegion = English;
			hasScannedForEncodings = 0;
			knownRegions = (
				en,
				Base,
			);
			mainGroup = A6EC9F951DCB9DE8005C8048;
			productRefGroup = A6EC9F9F1DCB9DE9005C8048 /* Products */;
			projectDirPath = "";
			projectRoot = "";
			targets = (
				A6EC9F9D1DCB9DE8005C8048 /* Manga Collector */,
			);
		};
/* End PBXProject section */

/* Begin PBXResourcesBuildPhase section */
		A6EC9F9C1DCB9DE8005C8048 /* Resources */ = {
			isa = PBXResourcesBuildPhase;
			buildActionMask = 2147483647;
			files = (
				A662528C1DCBA6FA0066DDDD /* Logo.png in Resources */,
				A6EC9FAF1DCB9DE9005C8048 /* LaunchScreen.storyboard in Resources */,
				A6EC9FAC1DCB9DE9005C8048 /* Assets.xcassets in Resources */,
				A6EC9FA71DCB9DE9005C8048 /* Main.storyboard in Resources */,
			);
			runOnlyForDeploymentPostprocessing = 0;
		};
/* End PBXResourcesBuildPhase section */

/* Begin PBXSourcesBuildPhase section */
		A6EC9F9A1DCB9DE8005C8048 /* Sources */ = {
			isa = PBXSourcesBuildPhase;
			buildActionMask = 2147483647;
			files = (
				A6EC9FA41DCB9DE9005C8048 /* ViewController.swift in Sources */,
				A6EC9FAA1DCB9DE9005C8048 /* Manga_Collector.xcdatamodeld in Sources */,
				A6EC9FA21DCB9DE9005C8048 /* AppDelegate.swift in Sources */,
				A662528E1DCBA82A0066DDDD /* MangaViewController.swift in Sources */,
			);
			runOnlyForDeploymentPostprocessing = 0;
		};
/* End PBXSourcesBuildPhase section */

/* Begin PBXVariantGroup section */
		A6EC9FA51DCB9DE9005C8048 /* Main.storyboard */ = {
			isa = PBXVariantGroup;
			children = (
				A6EC9FA61DCB9DE9005C8048 /* Base */,
			);
			name = Main.storyboard;
			sourceTree = "<group>";
		};
		A6EC9FAD1DCB9DE9005C8048 /* LaunchScreen.storyboard */ = {
			isa = PBXVariantGroup;
			children = (
				A6EC9FAE1DCB9DE9005C8048 /* Base */,
			);
			name = LaunchScreen.storyboard;
			sourceTree = "<group>";
		};
/* End PBXVariantGroup section */

/* Begin XCBuildConfiguration section */
		A6EC9FB11DCB9DE9005C8048 /* Debug */ = {
			isa = XCBuildConfiguration;
			buildSettings = {
				ALWAYS_SEARCH_USER_PATHS = NO;
				CLANG_ANALYZER_NONNULL = YES;
				CLANG_CXX_LANGUAGE_STANDARD = "gnu++0x";
				CLANG_CXX_LIBRARY = "libc++";
				CLANG_ENABLE_MODULES = YES;
				CLANG_ENABLE_OBJC_ARC = YES;
				CLANG_WARN_BOOL_CONVERSION = YES;
				CLANG_WARN_CONSTANT_CONVERSION = YES;
				CLANG_WARN_DIRECT_OBJC_ISA_USAGE = YES_ERROR;
				CLANG_WARN_DOCUMENTATION_COMMENTS = YES;
				CLANG_WARN_EMPTY_BODY = YES;
				CLANG_WARN_ENUM_CONVERSION = YES;
				CLANG_WARN_INFINITE_RECURSION = YES;
				CLANG_WARN_INT_CONVERSION = YES;
				CLANG_WARN_OBJC_ROOT_CLASS = YES_ERROR;
				CLANG_WARN_SUSPICIOUS_MOVES = YES;
				CLANG_WARN_UNREACHABLE_CODE = YES;
				CLANG_WARN__DUPLICATE_METHOD_MATCH = YES;
				"CODE_SIGN_IDENTITY[sdk=iphoneos*]" = "iPhone Developer";
				COPY_PHASE_STRIP = NO;
				DEBUG_INFORMATION_FORMAT = dwarf;
				ENABLE_STRICT_OBJC_MSGSEND = YES;
				ENABLE_TESTABILITY = YES;
				GCC_C_LANGUAGE_STANDARD = gnu99;
				GCC_DYNAMIC_NO_PIC = NO;
				GCC_NO_COMMON_BLOCKS = YES;
				GCC_OPTIMIZATION_LEVEL = 0;
				GCC_PREPROCESSOR_DEFINITIONS = (
					"DEBUG=1",
					"$(inherited)",
				);
				GCC_WARN_64_TO_32_BIT_CONVERSION = YES;
				GCC_WARN_ABOUT_RETURN_TYPE = YES_ERROR;
				GCC_WARN_UNDECLARED_SELECTOR = YES;
				GCC_WARN_UNINITIALIZED_AUTOS = YES_AGGRESSIVE;
				GCC_WARN_UNUSED_FUNCTION = YES;
				GCC_WARN_UNUSED_VARIABLE = YES;
				IPHONEOS_DEPLOYMENT_TARGET = 10.0;
				MTL_ENABLE_DEBUG_INFO = YES;
				ONLY_ACTIVE_ARCH = YES;
				SDKROOT = iphoneos;
				SWIFT_ACTIVE_COMPILATION_CONDITIONS = DEBUG;
				SWIFT_OPTIMIZATION_LEVEL = "-Onone";
				TARGETED_DEVICE_FAMILY = "1,2";
			};
			name = Debug;
		};
		A6EC9FB21DCB9DE9005C8048 /* Release */ = {
			isa = XCBuildConfiguration;
			buildSettings = {
				ALWAYS_SEARCH_USER_PATHS = NO;
				CLANG_ANALYZER_NONNULL = YES;
				CLANG_CXX_LANGUAGE_STANDARD = "gnu++0x";
				CLANG_CXX_LIBRARY = "libc++";
				CLANG_ENABLE_MODULES = YES;
				CLANG_ENABLE_OBJC_ARC = YES;
				CLANG_WARN_BOOL_CONVERSION = YES;
				CLANG_WARN_CONSTANT_CONVERSION = YES;
				CLANG_WARN_DIRECT_OBJC_ISA_USAGE = YES_ERROR;
				CLANG_WARN_DOCUMENTATION_COMMENTS = YES;
				CLANG_WARN_EMPTY_BODY = YES;
				CLANG_WARN_ENUM_CONVERSION = YES;
				CLANG_WARN_INFINITE_RECURSION = YES;
				CLANG_WARN_INT_CONVERSION = YES;
				CLANG_WARN_OBJC_ROOT_CLASS = YES_ERROR;
				CLANG_WARN_SUSPICIOUS_MOVES = YES;
				CLANG_WARN_UNREACHABLE_CODE = YES;
				CLANG_WARN__DUPLICATE_METHOD_MATCH = YES;
				"CODE_SIGN_IDENTITY[sdk=iphoneos*]" = "iPhone Developer";
				COPY_PHASE_STRIP = NO;
				DEBUG_INFORMATION_FORMAT = "dwarf-with-dsym";
				ENABLE_NS_ASSERTIONS = NO;
				ENABLE_STRICT_OBJC_MSGSEND = YES;
				GCC_C_LANGUAGE_STANDARD = gnu99;
				GCC_NO_COMMON_BLOCKS = YES;
				GCC_WARN_64_TO_32_BIT_CONVERSION = YES;
				GCC_WARN_ABOUT_RETURN_TYPE = YES_ERROR;
				GCC_WARN_UNDECLARED_SELECTOR = YES;
				GCC_WARN_UNINITIALIZED_AUTOS = YES_AGGRESSIVE;
				GCC_WARN_UNUSED_FUNCTION = YES;
				GCC_WARN_UNUSED_VARIABLE = YES;
				IPHONEOS_DEPLOYMENT_TARGET = 10.0;
				MTL_ENABLE_DEBUG_INFO = NO;
				SDKROOT = iphoneos;
				SWIFT_OPTIMIZATION_LEVEL = "-Owholemodule";
				TARGETED_DEVICE_FAMILY = "1,2";
				VALIDATE_PRODUCT = YES;
			};
			name = Release;
		};
		A6EC9FB41DCB9DE9005C8048 /* Debug */ = {
			isa = XCBuildConfiguration;
			buildSettings = {
				ASSETCATALOG_COMPILER_APPICON_NAME = AppIcon;
				DEVELOPMENT_TEAM = F4RH2C5RMR;
				INFOPLIST_FILE = "Manga Collector/Info.plist";
				LD_RUNPATH_SEARCH_PATHS = "$(inherited) @executable_path/Frameworks";
				PRODUCT_BUNDLE_IDENTIFIER = "com.harpertrack.Manga-Collector";
				PRODUCT_NAME = "$(TARGET_NAME)";
				SWIFT_VERSION = 3.0;
			};
			name = Debug;
		};
		A6EC9FB51DCB9DE9005C8048 /* Release */ = {
			isa = XCBuildConfiguration;
			buildSettings = {
				ASSETCATALOG_COMPILER_APPICON_NAME = AppIcon;
				DEVELOPMENT_TEAM = F4RH2C5RMR;
				INFOPLIST_FILE = "Manga Collector/Info.plist";
				LD_RUNPATH_SEARCH_PATHS = "$(inherited) @executable_path/Frameworks";
				PRODUCT_BUNDLE_IDENTIFIER = "com.harpertrack.Manga-Collector";
				PRODUCT_NAME = "$(TARGET_NAME)";
				SWIFT_VERSION = 3.0;
			};
			name = Release;
		};
/* End XCBuildConfiguration section */

/* Begin XCConfigurationList section */
		A6EC9F991DCB9DE8005C8048 /* Build configuration list for PBXProject "Manga Collector" */ = {
			isa = XCConfigurationList;
			buildConfigurations = (
				A6EC9FB11DCB9DE9005C8048 /* Debug */,
				A6EC9FB21DCB9DE9005C8048 /* Release */,
			);
			defaultConfigurationIsVisible = 0;
			defaultConfigurationName = Release;
		};
		A6EC9FB31DCB9DE9005C8048 /* Build configuration list for PBXNativeTarget "Manga Collector" */ = {
			isa = XCConfigurationList;
			buildConfigurations = (
				A6EC9FB41DCB9DE9005C8048 /* Debug */,
				A6EC9FB51DCB9DE9005C8048 /* Release */,
			);
			defaultConfigurationIsVisible = 0;
			defaultConfigurationName = Release;
		};
/* End XCConfigurationList section */

/* Begin XCVersionGroup section */
		A6EC9FA81DCB9DE9005C8048 /* Manga_Collector.xcdatamodeld */ = {
			isa = XCVersionGroup;
			children = (
				A6EC9FA91DCB9DE9005C8048 /* Manga_Collector.xcdatamodel */,
			);
			currentVersion = A6EC9FA91DCB9DE9005C8048 /* Manga_Collector.xcdatamodel */;
			path = Manga_Collector.xcdatamodeld;
			sourceTree = "<group>";
			versionGroupType = wrapper.xcdatamodel;
		};
/* End XCVersionGroup section */
	};
	rootObject = A6EC9F961DCB9DE8005C8048 /* Project object */;
}
